
Microsoft Visual Studio Solution File, Format Version 12.00
# Visual Studio 15
VisualStudioVersion = 15.0.26124.0
MinimumVisualStudioVersion = 15.0.26124.0
Project("{FAE04EC0-301F-11D3-BF4B-00C04F79EFBC}") = "Database", "Database\Database.csproj", "{94B5A4AD-97B9-412B-94C5-6D34D26579FC}"
EndProject
Project("{FAE04EC0-301F-11D3-BF4B-00C04F79EFBC}") = "Business", "Business\Business.csproj", "{C911C40A-5D66-473B-9DAA-3E9BB7E915ED}"
EndProject
Project("{FAE04EC0-301F-11D3-BF4B-00C04F79EFBC}") = "Application", "Application\Application.csproj", "{F4ABD826-D70B-43B2-AFCB-DC44B3DC5468}"
EndProject
Global
	GlobalSection(SolutionConfigurationPlatforms) = preSolution
		Debug|Any CPU = Debug|Any CPU
		Debug|x64 = Debug|x64
		Debug|x86 = Debug|x86
		Release|Any CPU = Release|Any CPU
		Release|x64 = Release|x64
		Release|x86 = Release|x86
	EndGlobalSection
	GlobalSection(SolutionProperties) = preSolution
		HideSolutionNode = FALSE
	EndGlobalSection
	GlobalSection(ProjectConfigurationPlatforms) = postSolution
		{94B5A4AD-97B9-412B-94C5-6D34D26579FC}.Debug|Any CPU.ActiveCfg = Debug|Any CPU
		{94B5A4AD-97B9-412B-94C5-6D34D26579FC}.Debug|Any CPU.Build.0 = Debug|Any CPU
		{94B5A4AD-97B9-412B-94C5-6D34D26579FC}.Debug|x64.ActiveCfg = Debug|Any CPU
		{94B5A4AD-97B9-412B-94C5-6D34D26579FC}.Debug|x64.Build.0 = Debug|Any CPU
		{94B5A4AD-97B9-412B-94C5-6D34D26579FC}.Debug|x86.ActiveCfg = Debug|Any CPU
		{94B5A4AD-97B9-412B-94C5-6D34D26579FC}.Debug|x86.Build.0 = Debug|Any CPU
		{94B5A4AD-97B9-412B-94C5-6D34D26579FC}.Release|Any CPU.ActiveCfg = Release|Any CPU
		{94B5A4AD-97B9-412B-94C5-6D34D26579FC}.Release|Any CPU.Build.0 = Release|Any CPU
		{94B5A4AD-97B9-412B-94C5-6D34D26579FC}.Release|x64.ActiveCfg = Release|Any CPU
		{94B5A4AD-97B9-412B-94C5-6D34D26579FC}.Release|x64.Build.0 = Release|Any CPU
		{94B5A4AD-97B9-412B-94C5-6D34D26579FC}.Release|x86.ActiveCfg = Release|Any CPU
		{94B5A4AD-97B9-412B-94C5-6D34D26579FC}.Release|x86.Build.0 = Release|Any CPU
		{C911C40A-5D66-473B-9DAA-3E9BB7E915ED}.Debug|Any CPU.ActiveCfg = Debug|Any CPU
		{C911C40A-5D66-473B-9DAA-3E9BB7E915ED}.Debug|Any CPU.Build.0 = Debug|Any CPU
		{C911C40A-5D66-473B-9DAA-3E9BB7E915ED}.Debug|x64.ActiveCfg = Debug|Any CPU
		{C911C40A-5D66-473B-9DAA-3E9BB7E915ED}.Debug|x64.Build.0 = Debug|Any CPU
		{C911C40A-5D66-473B-9DAA-3E9BB7E915ED}.Debug|x86.ActiveCfg = Debug|Any CPU
		{C911C40A-5D66-473B-9DAA-3E9BB7E915ED}.Debug|x86.Build.0 = Debug|Any CPU
		{C911C40A-5D66-473B-9DAA-3E9BB7E915ED}.Release|Any CPU.ActiveCfg = Release|Any CPU
		{C911C40A-5D66-473B-9DAA-3E9BB7E915ED}.Release|Any CPU.Build.0 = Release|Any CPU
		{C911C40A-5D66-473B-9DAA-3E9BB7E915ED}.Release|x64.ActiveCfg = Release|Any CPU
		{C911C40A-5D66-473B-9DAA-3E9BB7E915ED}.Release|x64.Build.0 = Release|Any CPU
		{C911C40A-5D66-473B-9DAA-3E9BB7E915ED}.Release|x86.ActiveCfg = Release|Any CPU
		{C911C40A-5D66-473B-9DAA-3E9BB7E915ED}.Release|x86.Build.0 = Release|Any CPU
		{F4ABD826-D70B-43B2-AFCB-DC44B3DC5468}.Debug|Any CPU.ActiveCfg = Debug|Any CPU
		{F4ABD826-D70B-43B2-AFCB-DC44B3DC5468}.Debug|Any CPU.Build.0 = Debug|Any CPU
		{F4ABD826-D70B-43B2-AFCB-DC44B3DC5468}.Debug|x64.ActiveCfg = Debug|Any CPU
		{F4ABD826-D70B-43B2-AFCB-DC44B3DC5468}.Debug|x64.Build.0 = Debug|Any CPU
		{F4ABD826-D70B-43B2-AFCB-DC44B3DC5468}.Debug|x86.ActiveCfg = Debug|Any CPU
		{F4ABD826-D70B-43B2-AFCB-DC44B3DC5468}.Debug|x86.Build.0 = Debug|Any CPU
		{F4ABD826-D70B-43B2-AFCB-DC44B3DC5468}.Release|Any CPU.ActiveCfg = Release|Any CPU
		{F4ABD826-D70B-43B2-AFCB-DC44B3DC5468}.Release|Any CPU.Build.0 = Release|Any CPU
		{F4ABD826-D70B-43B2-AFCB-DC44B3DC5468}.Release|x64.ActiveCfg = Release|Any CPU
		{F4ABD826-D70B-43B2-AFCB-DC44B3DC5468}.Release|x64.Build.0 = Release|Any CPU
		{F4ABD826-D70B-43B2-AFCB-DC44B3DC5468}.Release|x86.ActiveCfg = Release|Any CPU
		{F4ABD826-D70B-43B2-AFCB-DC44B3DC5468}.Release|x86.Build.0 = Release|Any CPU
	EndGlobalSection
EndGlobal
