
Microsoft Visual Studio Solution File, Format Version 12.00
# Visual Studio Version 16
VisualStudioVersion = 16.0.30517.126
MinimumVisualStudioVersion = 10.0.40219.1
Project("{FAE04EC0-301F-11D3-BF4B-00C04F79EFBC}") = "UI", "AppOrientacaoObjeto\UI.csproj", "{7BE46C82-62F3-4139-95F6-AB989EC0096C}"
EndProject
Project("{FAE04EC0-301F-11D3-BF4B-00C04F79EFBC}") = "Negocio", "Negocio\Negocio.csproj", "{DEFE2501-FFAD-42DF-B170-C1E4B272C5E6}"
EndProject
Project("{FAE04EC0-301F-11D3-BF4B-00C04F79EFBC}") = "DataBase", "DataBase\DataBase.csproj", "{29DD9F4C-919D-4470-8285-5F5847EED540}"
EndProject
Global
	GlobalSection(SolutionConfigurationPlatforms) = preSolution
		Debug|Any CPU = Debug|Any CPU
		Release|Any CPU = Release|Any CPU
	EndGlobalSection
	GlobalSection(ProjectConfigurationPlatforms) = postSolution
		{7BE46C82-62F3-4139-95F6-AB989EC0096C}.Debug|Any CPU.ActiveCfg = Debug|Any CPU
		{7BE46C82-62F3-4139-95F6-AB989EC0096C}.Debug|Any CPU.Build.0 = Debug|Any CPU
		{7BE46C82-62F3-4139-95F6-AB989EC0096C}.Release|Any CPU.ActiveCfg = Release|Any CPU
		{7BE46C82-62F3-4139-95F6-AB989EC0096C}.Release|Any CPU.Build.0 = Release|Any CPU
		{DEFE2501-FFAD-42DF-B170-C1E4B272C5E6}.Debug|Any CPU.ActiveCfg = Debug|Any CPU
		{DEFE2501-FFAD-42DF-B170-C1E4B272C5E6}.Debug|Any CPU.Build.0 = Debug|Any CPU
		{DEFE2501-FFAD-42DF-B170-C1E4B272C5E6}.Release|Any CPU.ActiveCfg = Release|Any CPU
		{DEFE2501-FFAD-42DF-B170-C1E4B272C5E6}.Release|Any CPU.Build.0 = Release|Any CPU
		{29DD9F4C-919D-4470-8285-5F5847EED540}.Debug|Any CPU.ActiveCfg = Debug|Any CPU
		{29DD9F4C-919D-4470-8285-5F5847EED540}.Debug|Any CPU.Build.0 = Debug|Any CPU
		{29DD9F4C-919D-4470-8285-5F5847EED540}.Release|Any CPU.ActiveCfg = Release|Any CPU
		{29DD9F4C-919D-4470-8285-5F5847EED540}.Release|Any CPU.Build.0 = Release|Any CPU
	EndGlobalSection
	GlobalSection(SolutionProperties) = preSolution
		HideSolutionNode = FALSE
	EndGlobalSection
	GlobalSection(ExtensibilityGlobals) = postSolution
		SolutionGuid = {34160791-1E20-4EB3-ADC0-454927241542}
	EndGlobalSection
EndGlobal
