
Microsoft Visual Studio Solution File, Format Version 12.00
# Visual Studio 15
VisualStudioVersion = 15.0.26124.0
MinimumVisualStudioVersion = 15.0.26124.0
Project("{FAE04EC0-301F-11D3-BF4B-00C04F79EFBC}") = "singleton", "singleton\singleton.csproj", "{0862F607-51BF-49A8-A6BF-5A1CE87E5EEC}"
EndProject
Project("{FAE04EC0-301F-11D3-BF4B-00C04F79EFBC}") = "strategy", "strategy\strategy.csproj", "{D91805B9-952D-4BEF-A654-21BB2A29697E}"
EndProject
Global
	GlobalSection(SolutionConfigurationPlatforms) = preSolution
		Debug|Any CPU = Debug|Any CPU
		Debug|x64 = Debug|x64
		Debug|x86 = Debug|x86
		Release|Any CPU = Release|Any CPU
		Release|x64 = Release|x64
		Release|x86 = Release|x86
	EndGlobalSection
	GlobalSection(SolutionProperties) = preSolution
		HideSolutionNode = FALSE
	EndGlobalSection
	GlobalSection(ProjectConfigurationPlatforms) = postSolution
		{0862F607-51BF-49A8-A6BF-5A1CE87E5EEC}.Debug|Any CPU.ActiveCfg = Debug|Any CPU
		{0862F607-51BF-49A8-A6BF-5A1CE87E5EEC}.Debug|Any CPU.Build.0 = Debug|Any CPU
		{0862F607-51BF-49A8-A6BF-5A1CE87E5EEC}.Debug|x64.ActiveCfg = Debug|Any CPU
		{0862F607-51BF-49A8-A6BF-5A1CE87E5EEC}.Debug|x64.Build.0 = Debug|Any CPU
		{0862F607-51BF-49A8-A6BF-5A1CE87E5EEC}.Debug|x86.ActiveCfg = Debug|Any CPU
		{0862F607-51BF-49A8-A6BF-5A1CE87E5EEC}.Debug|x86.Build.0 = Debug|Any CPU
		{0862F607-51BF-49A8-A6BF-5A1CE87E5EEC}.Release|Any CPU.ActiveCfg = Release|Any CPU
		{0862F607-51BF-49A8-A6BF-5A1CE87E5EEC}.Release|Any CPU.Build.0 = Release|Any CPU
		{0862F607-51BF-49A8-A6BF-5A1CE87E5EEC}.Release|x64.ActiveCfg = Release|Any CPU
		{0862F607-51BF-49A8-A6BF-5A1CE87E5EEC}.Release|x64.Build.0 = Release|Any CPU
		{0862F607-51BF-49A8-A6BF-5A1CE87E5EEC}.Release|x86.ActiveCfg = Release|Any CPU
		{0862F607-51BF-49A8-A6BF-5A1CE87E5EEC}.Release|x86.Build.0 = Release|Any CPU
		{D91805B9-952D-4BEF-A654-21BB2A29697E}.Debug|Any CPU.ActiveCfg = Debug|Any CPU
		{D91805B9-952D-4BEF-A654-21BB2A29697E}.Debug|Any CPU.Build.0 = Debug|Any CPU
		{D91805B9-952D-4BEF-A654-21BB2A29697E}.Debug|x64.ActiveCfg = Debug|Any CPU
		{D91805B9-952D-4BEF-A654-21BB2A29697E}.Debug|x64.Build.0 = Debug|Any CPU
		{D91805B9-952D-4BEF-A654-21BB2A29697E}.Debug|x86.ActiveCfg = Debug|Any CPU
		{D91805B9-952D-4BEF-A654-21BB2A29697E}.Debug|x86.Build.0 = Debug|Any CPU
		{D91805B9-952D-4BEF-A654-21BB2A29697E}.Release|Any CPU.ActiveCfg = Release|Any CPU
		{D91805B9-952D-4BEF-A654-21BB2A29697E}.Release|Any CPU.Build.0 = Release|Any CPU
		{D91805B9-952D-4BEF-A654-21BB2A29697E}.Release|x64.ActiveCfg = Release|Any CPU
		{D91805B9-952D-4BEF-A654-21BB2A29697E}.Release|x64.Build.0 = Release|Any CPU
		{D91805B9-952D-4BEF-A654-21BB2A29697E}.Release|x86.ActiveCfg = Release|Any CPU
		{D91805B9-952D-4BEF-A654-21BB2A29697E}.Release|x86.Build.0 = Release|Any CPU
	EndGlobalSection
EndGlobal
