Microsoft Visual Studio Solution File, Format Version 12.00
# Visual Studio Version 16
VisualStudioVersion = 16.0.808.2
MinimumVisualStudioVersion = 10.0.40219.1
Project("{FAE04EC0-301F-11D3-BF4B-00C04F79EFBC}") = "danilo", "danilo.csproj", "{D22DB013-5B41-4B9F-8F6A-192702E12AB6}"
EndProject
Project("{FAE04EC0-301F-11D3-BF4B-00C04F79EFBC}") = "Negocios", "Negocios\Negocios.csproj", "{281E1CC2-0FCC-4547-9386-BD144FD5D917}"
EndProject
Global
	GlobalSection(SolutionConfigurationPlatforms) = preSolution
		Debug|Any CPU = Debug|Any CPU
		Release|Any CPU = Release|Any CPU
	EndGlobalSection
	GlobalSection(ProjectConfigurationPlatforms) = postSolution
		{D22DB013-5B41-4B9F-8F6A-192702E12AB6}.Debug|Any CPU.ActiveCfg = Debug|Any CPU
		{D22DB013-5B41-4B9F-8F6A-192702E12AB6}.Debug|Any CPU.Build.0 = Debug|Any CPU
		{D22DB013-5B41-4B9F-8F6A-192702E12AB6}.Release|Any CPU.ActiveCfg = Release|Any CPU
		{D22DB013-5B41-4B9F-8F6A-192702E12AB6}.Release|Any CPU.Build.0 = Release|Any CPU
		{281E1CC2-0FCC-4547-9386-BD144FD5D917}.Debug|Any CPU.ActiveCfg = Debug|Any CPU
		{281E1CC2-0FCC-4547-9386-BD144FD5D917}.Debug|Any CPU.Build.0 = Debug|Any CPU
		{281E1CC2-0FCC-4547-9386-BD144FD5D917}.Release|Any CPU.ActiveCfg = Release|Any CPU
		{281E1CC2-0FCC-4547-9386-BD144FD5D917}.Release|Any CPU.Build.0 = Release|Any CPU
	EndGlobalSection
	GlobalSection(SolutionProperties) = preSolution
		HideSolutionNode = FALSE
	EndGlobalSection
	GlobalSection(ExtensibilityGlobals) = postSolution
		SolutionGuid = {86C2659D-BA3A-43F7-8054-F3FDF392335A}
	EndGlobalSection
EndGlobal
