
Microsoft Visual Studio Solution File, Format Version 12.00
Project("{FAE04EC0-301F-11D3-BF4B-00C04F79EFBC}") = "mvc", "mvc\mvc.csproj", "{4391E77E-1041-4BBA-BB77-392F0936200B}"
EndProject
Global
	GlobalSection(SolutionConfigurationPlatforms) = preSolution
		Debug|Any CPU = Debug|Any CPU
		Release|Any CPU = Release|Any CPU
	EndGlobalSection
	GlobalSection(ProjectConfigurationPlatforms) = postSolution
		{4391E77E-1041-4BBA-BB77-392F0936200B}.Debug|Any CPU.ActiveCfg = Debug|Any CPU
		{4391E77E-1041-4BBA-BB77-392F0936200B}.Debug|Any CPU.Build.0 = Debug|Any CPU
		{4391E77E-1041-4BBA-BB77-392F0936200B}.Release|Any CPU.ActiveCfg = Release|Any CPU
		{4391E77E-1041-4BBA-BB77-392F0936200B}.Release|Any CPU.Build.0 = Release|Any CPU
	EndGlobalSection
EndGlobal
