
Microsoft Visual Studio Solution File, Format Version 12.00
# Visual Studio 15
VisualStudioVersion = 15.0.26124.0
MinimumVisualStudioVersion = 15.0.26124.0
Project("{FAE04EC0-301F-11D3-BF4B-00C04F79EFBC}") = "singleton", "singleton\singleton.csproj", "{A7759DC1-7968-435E-82AA-198A7BA8AC34}"
EndProject
Project("{FAE04EC0-301F-11D3-BF4B-00C04F79EFBC}") = "strategy", "strategy\strategy.csproj", "{9613FD87-6D1D-4F3D-9B4D-5A5DE34F66A7}"
EndProject
Global
	GlobalSection(SolutionConfigurationPlatforms) = preSolution
		Debug|Any CPU = Debug|Any CPU
		Debug|x64 = Debug|x64
		Debug|x86 = Debug|x86
		Release|Any CPU = Release|Any CPU
		Release|x64 = Release|x64
		Release|x86 = Release|x86
	EndGlobalSection
	GlobalSection(SolutionProperties) = preSolution
		HideSolutionNode = FALSE
	EndGlobalSection
	GlobalSection(ProjectConfigurationPlatforms) = postSolution
		{A7759DC1-7968-435E-82AA-198A7BA8AC34}.Debug|Any CPU.ActiveCfg = Debug|Any CPU
		{A7759DC1-7968-435E-82AA-198A7BA8AC34}.Debug|Any CPU.Build.0 = Debug|Any CPU
		{A7759DC1-7968-435E-82AA-198A7BA8AC34}.Debug|x64.ActiveCfg = Debug|Any CPU
		{A7759DC1-7968-435E-82AA-198A7BA8AC34}.Debug|x64.Build.0 = Debug|Any CPU
		{A7759DC1-7968-435E-82AA-198A7BA8AC34}.Debug|x86.ActiveCfg = Debug|Any CPU
		{A7759DC1-7968-435E-82AA-198A7BA8AC34}.Debug|x86.Build.0 = Debug|Any CPU
		{A7759DC1-7968-435E-82AA-198A7BA8AC34}.Release|Any CPU.ActiveCfg = Release|Any CPU
		{A7759DC1-7968-435E-82AA-198A7BA8AC34}.Release|Any CPU.Build.0 = Release|Any CPU
		{A7759DC1-7968-435E-82AA-198A7BA8AC34}.Release|x64.ActiveCfg = Release|Any CPU
		{A7759DC1-7968-435E-82AA-198A7BA8AC34}.Release|x64.Build.0 = Release|Any CPU
		{A7759DC1-7968-435E-82AA-198A7BA8AC34}.Release|x86.ActiveCfg = Release|Any CPU
		{A7759DC1-7968-435E-82AA-198A7BA8AC34}.Release|x86.Build.0 = Release|Any CPU
		{9613FD87-6D1D-4F3D-9B4D-5A5DE34F66A7}.Debug|Any CPU.ActiveCfg = Debug|Any CPU
		{9613FD87-6D1D-4F3D-9B4D-5A5DE34F66A7}.Debug|Any CPU.Build.0 = Debug|Any CPU
		{9613FD87-6D1D-4F3D-9B4D-5A5DE34F66A7}.Debug|x64.ActiveCfg = Debug|Any CPU
		{9613FD87-6D1D-4F3D-9B4D-5A5DE34F66A7}.Debug|x64.Build.0 = Debug|Any CPU
		{9613FD87-6D1D-4F3D-9B4D-5A5DE34F66A7}.Debug|x86.ActiveCfg = Debug|Any CPU
		{9613FD87-6D1D-4F3D-9B4D-5A5DE34F66A7}.Debug|x86.Build.0 = Debug|Any CPU
		{9613FD87-6D1D-4F3D-9B4D-5A5DE34F66A7}.Release|Any CPU.ActiveCfg = Release|Any CPU
		{9613FD87-6D1D-4F3D-9B4D-5A5DE34F66A7}.Release|Any CPU.Build.0 = Release|Any CPU
		{9613FD87-6D1D-4F3D-9B4D-5A5DE34F66A7}.Release|x64.ActiveCfg = Release|Any CPU
		{9613FD87-6D1D-4F3D-9B4D-5A5DE34F66A7}.Release|x64.Build.0 = Release|Any CPU
		{9613FD87-6D1D-4F3D-9B4D-5A5DE34F66A7}.Release|x86.ActiveCfg = Release|Any CPU
		{9613FD87-6D1D-4F3D-9B4D-5A5DE34F66A7}.Release|x86.Build.0 = Release|Any CPU
	EndGlobalSection
EndGlobal
