
Microsoft Visual Studio Solution File, Format Version 12.00
# Visual Studio 15
VisualStudioVersion = 15.0.26124.0
MinimumVisualStudioVersion = 15.0.26124.0
Project("{FAE04EC0-301F-11D3-BF4B-00C04F79EFBC}") = "singleton", "singleton\singleton.csproj", "{C2641FC0-40CB-4A4F-8898-8947C954865F}"
EndProject
Project("{FAE04EC0-301F-11D3-BF4B-00C04F79EFBC}") = "strategy", "strategy\strategy.csproj", "{9A1BC9A8-B671-4FE5-BFC4-9F6006828D39}"
EndProject
Global
	GlobalSection(SolutionConfigurationPlatforms) = preSolution
		Debug|Any CPU = Debug|Any CPU
		Debug|x64 = Debug|x64
		Debug|x86 = Debug|x86
		Release|Any CPU = Release|Any CPU
		Release|x64 = Release|x64
		Release|x86 = Release|x86
	EndGlobalSection
	GlobalSection(SolutionProperties) = preSolution
		HideSolutionNode = FALSE
	EndGlobalSection
	GlobalSection(ProjectConfigurationPlatforms) = postSolution
		{C2641FC0-40CB-4A4F-8898-8947C954865F}.Debug|Any CPU.ActiveCfg = Debug|Any CPU
		{C2641FC0-40CB-4A4F-8898-8947C954865F}.Debug|Any CPU.Build.0 = Debug|Any CPU
		{C2641FC0-40CB-4A4F-8898-8947C954865F}.Debug|x64.ActiveCfg = Debug|Any CPU
		{C2641FC0-40CB-4A4F-8898-8947C954865F}.Debug|x64.Build.0 = Debug|Any CPU
		{C2641FC0-40CB-4A4F-8898-8947C954865F}.Debug|x86.ActiveCfg = Debug|Any CPU
		{C2641FC0-40CB-4A4F-8898-8947C954865F}.Debug|x86.Build.0 = Debug|Any CPU
		{C2641FC0-40CB-4A4F-8898-8947C954865F}.Release|Any CPU.ActiveCfg = Release|Any CPU
		{C2641FC0-40CB-4A4F-8898-8947C954865F}.Release|Any CPU.Build.0 = Release|Any CPU
		{C2641FC0-40CB-4A4F-8898-8947C954865F}.Release|x64.ActiveCfg = Release|Any CPU
		{C2641FC0-40CB-4A4F-8898-8947C954865F}.Release|x64.Build.0 = Release|Any CPU
		{C2641FC0-40CB-4A4F-8898-8947C954865F}.Release|x86.ActiveCfg = Release|Any CPU
		{C2641FC0-40CB-4A4F-8898-8947C954865F}.Release|x86.Build.0 = Release|Any CPU
		{9A1BC9A8-B671-4FE5-BFC4-9F6006828D39}.Debug|Any CPU.ActiveCfg = Debug|Any CPU
		{9A1BC9A8-B671-4FE5-BFC4-9F6006828D39}.Debug|Any CPU.Build.0 = Debug|Any CPU
		{9A1BC9A8-B671-4FE5-BFC4-9F6006828D39}.Debug|x64.ActiveCfg = Debug|Any CPU
		{9A1BC9A8-B671-4FE5-BFC4-9F6006828D39}.Debug|x64.Build.0 = Debug|Any CPU
		{9A1BC9A8-B671-4FE5-BFC4-9F6006828D39}.Debug|x86.ActiveCfg = Debug|Any CPU
		{9A1BC9A8-B671-4FE5-BFC4-9F6006828D39}.Debug|x86.Build.0 = Debug|Any CPU
		{9A1BC9A8-B671-4FE5-BFC4-9F6006828D39}.Release|Any CPU.ActiveCfg = Release|Any CPU
		{9A1BC9A8-B671-4FE5-BFC4-9F6006828D39}.Release|Any CPU.Build.0 = Release|Any CPU
		{9A1BC9A8-B671-4FE5-BFC4-9F6006828D39}.Release|x64.ActiveCfg = Release|Any CPU
		{9A1BC9A8-B671-4FE5-BFC4-9F6006828D39}.Release|x64.Build.0 = Release|Any CPU
		{9A1BC9A8-B671-4FE5-BFC4-9F6006828D39}.Release|x86.ActiveCfg = Release|Any CPU
		{9A1BC9A8-B671-4FE5-BFC4-9F6006828D39}.Release|x86.Build.0 = Release|Any CPU
	EndGlobalSection
EndGlobal
